// !$*UTF8*$!
{
	archiveVersion = 1;
	classes = {
	};
	objectVersion = 50;
	objects = {

/* Begin PBXBuildFile section */
		D4B3AF012166C90D00D839C7 /* AppDelegate.swift in Sources */ = {isa = PBXBuildFile; fileRef = D4B3AF002166C90D00D839C7 /* AppDelegate.swift */; };
		D4B3AF032166C90D00D839C7 /* ViewController.swift in Sources */ = {isa = PBXBuildFile; fileRef = D4B3AF022166C90D00D839C7 /* ViewController.swift */; };
		D4B3AF062166C90D00D839C7 /* Main.storyboard in Resources */ = {isa = PBXBuildFile; fileRef = D4B3AF042166C90D00D839C7 /* Main.storyboard */; };
		D4B3AF082166C90D00D839C7 /* Assets.xcassets in Resources */ = {isa = PBXBuildFile; fileRef = D4B3AF072166C90D00D839C7 /* Assets.xcassets */; };
		D4B3AF0B2166C90D00D839C7 /* LaunchScreen.storyboard in Resources */ = {isa = PBXBuildFile; fileRef = D4B3AF092166C90D00D839C7 /* LaunchScreen.storyboard */; };
		D4B3AF162166C90E00D839C7 /* Week5Tests.swift in Sources */ = {isa = PBXBuildFile; fileRef = D4B3AF152166C90E00D839C7 /* Week5Tests.swift */; };
		D4B3AF212166C90E00D839C7 /* Week5UITests.swift in Sources */ = {isa = PBXBuildFile; fileRef = D4B3AF202166C90E00D839C7 /* Week5UITests.swift */; };
/* End PBXBuildFile section */

/* Begin PBXContainerItemProxy section */
		D4B3AF122166C90E00D839C7 /* PBXContainerItemProxy */ = {
			isa = PBXContainerItemProxy;
			containerPortal = D4B3AEF52166C90D00D839C7 /* Project object */;
			proxyType = 1;
			remoteGlobalIDString = D4B3AEFC2166C90D00D839C7;
			remoteInfo = Week5;
		};
		D4B3AF1D2166C90E00D839C7 /* PBXContainerItemProxy */ = {
			isa = PBXContainerItemProxy;
			containerPortal = D4B3AEF52166C90D00D839C7 /* Project object */;
			proxyType = 1;
			remoteGlobalIDString = D4B3AEFC2166C90D00D839C7;
			remoteInfo = Week5;
		};
/* End PBXContainerItemProxy section */

/* Begin PBXFileReference section */
		D4B3AEFD2166C90D00D839C7 /* Week5.app */ = {isa = PBXFileReference; explicitFileType = wrapper.application; includeInIndex = 0; path = Week5.app; sourceTree = BUILT_PRODUCTS_DIR; };
		D4B3AF002166C90D00D839C7 /* AppDelegate.swift */ = {isa = PBXFileReference; lastKnownFileType = sourcecode.swift; path = AppDelegate.swift; sourceTree = "<group>"; };
		D4B3AF022166C90D00D839C7 /* ViewController.swift */ = {isa = PBXFileReference; lastKnownFileType = sourcecode.swift; path = ViewController.swift; sourceTree = "<group>"; };
		D4B3AF052166C90D00D839C7 /* Base */ = {isa = PBXFileReference; lastKnownFileType = file.storyboard; name = Base; path = Base.lproj/Main.storyboard; sourceTree = "<group>"; };
		D4B3AF072166C90D00D839C7 /* Assets.xcassets */ = {isa = PBXFileReference; lastKnownFileType = folder.assetcatalog; path = Assets.xcassets; sourceTree = "<group>"; };
		D4B3AF0A2166C90D00D839C7 /* Base */ = {isa = PBXFileReference; lastKnownFileType = file.storyboard; name = Base; path = Base.lproj/LaunchScreen.storyboard; sourceTree = "<group>"; };
		D4B3AF0C2166C90D00D839C7 /* Info.plist */ = {isa = PBXFileReference; lastKnownFileType = text.plist.xml; path = Info.plist; sourceTree = "<group>"; };
		D4B3AF112166C90E00D839C7 /* Week5Tests.xctest */ = {isa = PBXFileReference; explicitFileType = wrapper.cfbundle; includeInIndex = 0; path = Week5Tests.xctest; sourceTree = BUILT_PRODUCTS_DIR; };
		D4B3AF152166C90E00D839C7 /* Week5Tests.swift */ = {isa = PBXFileReference; lastKnownFileType = sourcecode.swift; path = Week5Tests.swift; sourceTree = "<group>"; };
		D4B3AF172166C90E00D839C7 /* Info.plist */ = {isa = PBXFileReference; lastKnownFileType = text.plist.xml; path = Info.plist; sourceTree = "<group>"; };
		D4B3AF1C2166C90E00D839C7 /* Week5UITests.xctest */ = {isa = PBXFileReference; explicitFileType = wrapper.cfbundle; includeInIndex = 0; path = Week5UITests.xctest; sourceTree = BUILT_PRODUCTS_DIR; };
		D4B3AF202166C90E00D839C7 /* Week5UITests.swift */ = {isa = PBXFileReference; lastKnownFileType = sourcecode.swift; path = Week5UITests.swift; sourceTree = "<group>"; };
		D4B3AF222166C90E00D839C7 /* Info.plist */ = {isa = PBXFileReference; lastKnownFileType = text.plist.xml; path = Info.plist; sourceTree = "<group>"; };
/* End PBXFileReference section */

/* Begin PBXFrameworksBuildPhase section */
		D4B3AEFA2166C90D00D839C7 /* Frameworks */ = {
			isa = PBXFrameworksBuildPhase;
			buildActionMask = 2147483647;
			files = (
			);
			runOnlyForDeploymentPostprocessing = 0;
		};
		D4B3AF0E2166C90E00D839C7 /* Frameworks */ = {
			isa = PBXFrameworksBuildPhase;
			buildActionMask = 2147483647;
			files = (
			);
			runOnlyForDeploymentPostprocessing = 0;
		};
		D4B3AF192166C90E00D839C7 /* Frameworks */ = {
			isa = PBXFrameworksBuildPhase;
			buildActionMask = 2147483647;
			files = (
			);
			runOnlyForDeploymentPostprocessing = 0;
		};
/* End PBXFrameworksBuildPhase section */

/* Begin PBXGroup section */
		D4B3AEF42166C90D00D839C7 = {
			isa = PBXGroup;
			children = (
				D4B3AEFF2166C90D00D839C7 /* Week5 */,
				D4B3AF142166C90E00D839C7 /* Week5Tests */,
				D4B3AF1F2166C90E00D839C7 /* Week5UITests */,
				D4B3AEFE2166C90D00D839C7 /* Products */,
			);
			sourceTree = "<group>";
		};
		D4B3AEFE2166C90D00D839C7 /* Products */ = {
			isa = PBXGroup;
			children = (
				D4B3AEFD2166C90D00D839C7 /* Week5.app */,
				D4B3AF112166C90E00D839C7 /* Week5Tests.xctest */,
				D4B3AF1C2166C90E00D839C7 /* Week5UITests.xctest */,
			);
			name = Products;
			sourceTree = "<group>";
		};
		D4B3AEFF2166C90D00D839C7 /* Week5 */ = {
			isa = PBXGroup;
			children = (
				D4B3AF002166C90D00D839C7 /* AppDelegate.swift */,
				D4B3AF022166C90D00D839C7 /* ViewController.swift */,
				D4B3AF042166C90D00D839C7 /* Main.storyboard */,
				D4B3AF072166C90D00D839C7 /* Assets.xcassets */,
				D4B3AF092166C90D00D839C7 /* LaunchScreen.storyboard */,
				D4B3AF0C2166C90D00D839C7 /* Info.plist */,
			);
			path = Week5;
			sourceTree = "<group>";
		};
		D4B3AF142166C90E00D839C7 /* Week5Tests */ = {
			isa = PBXGroup;
			children = (
				D4B3AF152166C90E00D839C7 /* Week5Tests.swift */,
				D4B3AF172166C90E00D839C7 /* Info.plist */,
			);
			path = Week5Tests;
			sourceTree = "<group>";
		};
		D4B3AF1F2166C90E00D839C7 /* Week5UITests */ = {
			isa = PBXGroup;
			children = (
				D4B3AF202166C90E00D839C7 /* Week5UITests.swift */,
				D4B3AF222166C90E00D839C7 /* Info.plist */,
			);
			path = Week5UITests;
			sourceTree = "<group>";
		};
/* End PBXGroup section */

/* Begin PBXNativeTarget section */
		D4B3AEFC2166C90D00D839C7 /* Week5 */ = {
			isa = PBXNativeTarget;
			buildConfigurationList = D4B3AF252166C90E00D839C7 /* Build configuration list for PBXNativeTarget "Week5" */;
			buildPhases = (
				D4B3AEF92166C90D00D839C7 /* Sources */,
				D4B3AEFA2166C90D00D839C7 /* Frameworks */,
				D4B3AEFB2166C90D00D839C7 /* Resources */,
			);
			buildRules = (
			);
			dependencies = (
			);
			name = Week5;
			productName = Week5;
			productReference = D4B3AEFD2166C90D00D839C7 /* Week5.app */;
			productType = "com.apple.product-type.application";
		};
		D4B3AF102166C90E00D839C7 /* Week5Tests */ = {
			isa = PBXNativeTarget;
			buildConfigurationList = D4B3AF282166C90E00D839C7 /* Build configuration list for PBXNativeTarget "Week5Tests" */;
			buildPhases = (
				D4B3AF0D2166C90E00D839C7 /* Sources */,
				D4B3AF0E2166C90E00D839C7 /* Frameworks */,
				D4B3AF0F2166C90E00D839C7 /* Resources */,
			);
			buildRules = (
			);
			dependencies = (
				D4B3AF132166C90E00D839C7 /* PBXTargetDependency */,
			);
			name = Week5Tests;
			productName = Week5Tests;
			productReference = D4B3AF112166C90E00D839C7 /* Week5Tests.xctest */;
			productType = "com.apple.product-type.bundle.unit-test";
		};
		D4B3AF1B2166C90E00D839C7 /* Week5UITests */ = {
			isa = PBXNativeTarget;
			buildConfigurationList = D4B3AF2B2166C90E00D839C7 /* Build configuration list for PBXNativeTarget "Week5UITests" */;
			buildPhases = (
				D4B3AF182166C90E00D839C7 /* Sources */,
				D4B3AF192166C90E00D839C7 /* Frameworks */,
				D4B3AF1A2166C90E00D839C7 /* Resources */,
			);
			buildRules = (
			);
			dependencies = (
				D4B3AF1E2166C90E00D839C7 /* PBXTargetDependency */,
			);
			name = Week5UITests;
			productName = Week5UITests;
			productReference = D4B3AF1C2166C90E00D839C7 /* Week5UITests.xctest */;
			productType = "com.apple.product-type.bundle.ui-testing";
		};
/* End PBXNativeTarget section */

/* Begin PBXProject section */
		D4B3AEF52166C90D00D839C7 /* Project object */ = {
			isa = PBXProject;
			attributes = {
				LastSwiftUpdateCheck = 1000;
				LastUpgradeCheck = 1000;
				ORGANIZATIONNAME = JasonWang;
				TargetAttributes = {
					D4B3AEFC2166C90D00D839C7 = {
						CreatedOnToolsVersion = 10.0;
					};
					D4B3AF102166C90E00D839C7 = {
						CreatedOnToolsVersion = 10.0;
						TestTargetID = D4B3AEFC2166C90D00D839C7;
					};
					D4B3AF1B2166C90E00D839C7 = {
						CreatedOnToolsVersion = 10.0;
						TestTargetID = D4B3AEFC2166C90D00D839C7;
					};
				};
			};
			buildConfigurationList = D4B3AEF82166C90D00D839C7 /* Build configuration list for PBXProject "Week5" */;
			compatibilityVersion = "Xcode 9.3";
			developmentRegion = en;
			hasScannedForEncodings = 0;
			knownRegions = (
				en,
				Base,
			);
			mainGroup = D4B3AEF42166C90D00D839C7;
			productRefGroup = D4B3AEFE2166C90D00D839C7 /* Products */;
			projectDirPath = "";
			projectRoot = "";
			targets = (
				D4B3AEFC2166C90D00D839C7 /* Week5 */,
				D4B3AF102166C90E00D839C7 /* Week5Tests */,
				D4B3AF1B2166C90E00D839C7 /* Week5UITests */,
			);
		};
/* End PBXProject section */

/* Begin PBXResourcesBuildPhase section */
		D4B3AEFB2166C90D00D839C7 /* Resources */ = {
			isa = PBXResourcesBuildPhase;
			buildActionMask = 2147483647;
			files = (
				D4B3AF0B2166C90D00D839C7 /* LaunchScreen.storyboard in Resources */,
				D4B3AF082166C90D00D839C7 /* Assets.xcassets in Resources */,
				D4B3AF062166C90D00D839C7 /* Main.storyboard in Resources */,
			);
			runOnlyForDeploymentPostprocessing = 0;
		};
		D4B3AF0F2166C90E00D839C7 /* Resources */ = {
			isa = PBXResourcesBuildPhase;
			buildActionMask = 2147483647;
			files = (
			);
			runOnlyForDeploymentPostprocessing = 0;
		};
		D4B3AF1A2166C90E00D839C7 /* Resources */ = {
			isa = PBXResourcesBuildPhase;
			buildActionMask = 2147483647;
			files = (
			);
			runOnlyForDeploymentPostprocessing = 0;
		};
/* End PBXResourcesBuildPhase section */

/* Begin PBXSourcesBuildPhase section */
		D4B3AEF92166C90D00D839C7 /* Sources */ = {
			isa = PBXSourcesBuildPhase;
			buildActionMask = 2147483647;
			files = (
				D4B3AF032166C90D00D839C7 /* ViewController.swift in Sources */,
				D4B3AF012166C90D00D839C7 /* AppDelegate.swift in Sources */,
			);
			runOnlyForDeploymentPostprocessing = 0;
		};
		D4B3AF0D2166C90E00D839C7 /* Sources */ = {
			isa = PBXSourcesBuildPhase;
			buildActionMask = 2147483647;
			files = (
				D4B3AF162166C90E00D839C7 /* Week5Tests.swift in Sources */,
			);
			runOnlyForDeploymentPostprocessing = 0;
		};
		D4B3AF182166C90E00D839C7 /* Sources */ = {
			isa = PBXSourcesBuildPhase;
			buildActionMask = 2147483647;
			files = (
				D4B3AF212166C90E00D839C7 /* Week5UITests.swift in Sources */,
			);
			runOnlyForDeploymentPostprocessing = 0;
		};
/* End PBXSourcesBuildPhase section */

/* Begin PBXTargetDependency section */
		D4B3AF132166C90E00D839C7 /* PBXTargetDependency */ = {
			isa = PBXTargetDependency;
			target = D4B3AEFC2166C90D00D839C7 /* Week5 */;
			targetProxy = D4B3AF122166C90E00D839C7 /* PBXContainerItemProxy */;
		};
		D4B3AF1E2166C90E00D839C7 /* PBXTargetDependency */ = {
			isa = PBXTargetDependency;
			target = D4B3AEFC2166C90D00D839C7 /* Week5 */;
			targetProxy = D4B3AF1D2166C90E00D839C7 /* PBXContainerItemProxy */;
		};
/* End PBXTargetDependency section */

/* Begin PBXVariantGroup section */
		D4B3AF042166C90D00D839C7 /* Main.storyboard */ = {
			isa = PBXVariantGroup;
			children = (
				D4B3AF052166C90D00D839C7 /* Base */,
			);
			name = Main.storyboard;
			sourceTree = "<group>";
		};
		D4B3AF092166C90D00D839C7 /* LaunchScreen.storyboard */ = {
			isa = PBXVariantGroup;
			children = (
				D4B3AF0A2166C90D00D839C7 /* Base */,
			);
			name = LaunchScreen.storyboard;
			sourceTree = "<group>";
		};
/* End PBXVariantGroup section */

/* Begin XCBuildConfiguration section */
		D4B3AF232166C90E00D839C7 /* Debug */ = {
			isa = XCBuildConfiguration;
			buildSettings = {
				ALWAYS_SEARCH_USER_PATHS = NO;
				CLANG_ANALYZER_NONNULL = YES;
				CLANG_ANALYZER_NUMBER_OBJECT_CONVERSION = YES_AGGRESSIVE;
				CLANG_CXX_LANGUAGE_STANDARD = "gnu++14";
				CLANG_CXX_LIBRARY = "libc++";
				CLANG_ENABLE_MODULES = YES;
				CLANG_ENABLE_OBJC_ARC = YES;
				CLANG_ENABLE_OBJC_WEAK = YES;
				CLANG_WARN_BLOCK_CAPTURE_AUTORELEASING = YES;
				CLANG_WARN_BOOL_CONVERSION = YES;
				CLANG_WARN_COMMA = YES;
				CLANG_WARN_CONSTANT_CONVERSION = YES;
				CLANG_WARN_DEPRECATED_OBJC_IMPLEMENTATIONS = YES;
				CLANG_WARN_DIRECT_OBJC_ISA_USAGE = YES_ERROR;
				CLANG_WARN_DOCUMENTATION_COMMENTS = YES;
				CLANG_WARN_EMPTY_BODY = YES;
				CLANG_WARN_ENUM_CONVERSION = YES;
				CLANG_WARN_INFINITE_RECURSION = YES;
				CLANG_WARN_INT_CONVERSION = YES;
				CLANG_WARN_NON_LITERAL_NULL_CONVERSION = YES;
				CLANG_WARN_OBJC_IMPLICIT_RETAIN_SELF = YES;
				CLANG_WARN_OBJC_LITERAL_CONVERSION = YES;
				CLANG_WARN_OBJC_ROOT_CLASS = YES_ERROR;
				CLANG_WARN_RANGE_LOOP_ANALYSIS = YES;
				CLANG_WARN_STRICT_PROTOTYPES = YES;
				CLANG_WARN_SUSPICIOUS_MOVE = YES;
				CLANG_WARN_UNGUARDED_AVAILABILITY = YES_AGGRESSIVE;
				CLANG_WARN_UNREACHABLE_CODE = YES;
				CLANG_WARN__DUPLICATE_METHOD_MATCH = YES;
				CODE_SIGN_IDENTITY = "iPhone Developer";
				COPY_PHASE_STRIP = NO;
				DEBUG_INFORMATION_FORMAT = dwarf;
				ENABLE_STRICT_OBJC_MSGSEND = YES;
				ENABLE_TESTABILITY = YES;
				GCC_C_LANGUAGE_STANDARD = gnu11;
				GCC_DYNAMIC_NO_PIC = NO;
				GCC_NO_COMMON_BLOCKS = YES;
				GCC_OPTIMIZATION_LEVEL = 0;
				GCC_PREPROCESSOR_DEFINITIONS = (
					"DEBUG=1",
					"$(inherited)",
				);
				GCC_WARN_64_TO_32_BIT_CONVERSION = YES;
				GCC_WARN_ABOUT_RETURN_TYPE = YES_ERROR;
				GCC_WARN_UNDECLARED_SELECTOR = YES;
				GCC_WARN_UNINITIALIZED_AUTOS = YES_AGGRESSIVE;
				GCC_WARN_UNUSED_FUNCTION = YES;
				GCC_WARN_UNUSED_VARIABLE = YES;
				IPHONEOS_DEPLOYMENT_TARGET = 12.0;
				MTL_ENABLE_DEBUG_INFO = INCLUDE_SOURCE;
				MTL_FAST_MATH = YES;
				ONLY_ACTIVE_ARCH = YES;
				SDKROOT = iphoneos;
				SWIFT_ACTIVE_COMPILATION_CONDITIONS = DEBUG;
				SWIFT_OPTIMIZATION_LEVEL = "-Onone";
			};
			name = Debug;
		};
		D4B3AF242166C90E00D839C7 /* Release */ = {
			isa = XCBuildConfiguration;
			buildSettings = {
				ALWAYS_SEARCH_USER_PATHS = NO;
				CLANG_ANALYZER_NONNULL = YES;
				CLANG_ANALYZER_NUMBER_OBJECT_CONVERSION = YES_AGGRESSIVE;
				CLANG_CXX_LANGUAGE_STANDARD = "gnu++14";
				CLANG_CXX_LIBRARY = "libc++";
				CLANG_ENABLE_MODULES = YES;
				CLANG_ENABLE_OBJC_ARC = YES;
				CLANG_ENABLE_OBJC_WEAK = YES;
				CLANG_WARN_BLOCK_CAPTURE_AUTORELEASING = YES;
				CLANG_WARN_BOOL_CONVERSION = YES;
				CLANG_WARN_COMMA = YES;
				CLANG_WARN_CONSTANT_CONVERSION = YES;
				CLANG_WARN_DEPRECATED_OBJC_IMPLEMENTATIONS = YES;
				CLANG_WARN_DIRECT_OBJC_ISA_USAGE = YES_ERROR;
				CLANG_WARN_DOCUMENTATION_COMMENTS = YES;
				CLANG_WARN_EMPTY_BODY = YES;
				CLANG_WARN_ENUM_CONVERSION = YES;
				CLANG_WARN_INFINITE_RECURSION = YES;
				CLANG_WARN_INT_CONVERSION = YES;
				CLANG_WARN_NON_LITERAL_NULL_CONVERSION = YES;
				CLANG_WARN_OBJC_IMPLICIT_RETAIN_SELF = YES;
				CLANG_WARN_OBJC_LITERAL_CONVERSION = YES;
				CLANG_WARN_OBJC_ROOT_CLASS = YES_ERROR;
				CLANG_WARN_RANGE_LOOP_ANALYSIS = YES;
				CLANG_WARN_STRICT_PROTOTYPES = YES;
				CLANG_WARN_SUSPICIOUS_MOVE = YES;
				CLANG_WARN_UNGUARDED_AVAILABILITY = YES_AGGRESSIVE;
				CLANG_WARN_UNREACHABLE_CODE = YES;
				CLANG_WARN__DUPLICATE_METHOD_MATCH = YES;
				CODE_SIGN_IDENTITY = "iPhone Developer";
				COPY_PHASE_STRIP = NO;
				DEBUG_INFORMATION_FORMAT = "dwarf-with-dsym";
				ENABLE_NS_ASSERTIONS = NO;
				ENABLE_STRICT_OBJC_MSGSEND = YES;
				GCC_C_LANGUAGE_STANDARD = gnu11;
				GCC_NO_COMMON_BLOCKS = YES;
				GCC_WARN_64_TO_32_BIT_CONVERSION = YES;
				GCC_WARN_ABOUT_RETURN_TYPE = YES_ERROR;
				GCC_WARN_UNDECLARED_SELECTOR = YES;
				GCC_WARN_UNINITIALIZED_AUTOS = YES_AGGRESSIVE;
				GCC_WARN_UNUSED_FUNCTION = YES;
				GCC_WARN_UNUSED_VARIABLE = YES;
				IPHONEOS_DEPLOYMENT_TARGET = 12.0;
				MTL_ENABLE_DEBUG_INFO = NO;
				MTL_FAST_MATH = YES;
				SDKROOT = iphoneos;
				SWIFT_COMPILATION_MODE = wholemodule;
				SWIFT_OPTIMIZATION_LEVEL = "-O";
				VALIDATE_PRODUCT = YES;
			};
			name = Release;
		};
		D4B3AF262166C90E00D839C7 /* Debug */ = {
			isa = XCBuildConfiguration;
			buildSettings = {
				ASSETCATALOG_COMPILER_APPICON_NAME = AppIcon;
				CODE_SIGN_STYLE = Automatic;
				CURRENT_PROJECT_VERSION = 3;
				DEVELOPMENT_TEAM = 55V3ELH4AV;
				INFOPLIST_FILE = Week5/Info.plist;
				LD_RUNPATH_SEARCH_PATHS = (
					"$(inherited)",
					"@executable_path/Frameworks",
				);
				PRODUCT_BUNDLE_IDENTIFIER = com.JasonWang.Week5;
				PRODUCT_NAME = "$(TARGET_NAME)";
				SWIFT_VERSION = 4.2;
				TARGETED_DEVICE_FAMILY = "1,2";
				VERSIONING_SYSTEM = "apple-generic";
			};
			name = Debug;
		};
		D4B3AF272166C90E00D839C7 /* Release */ = {
			isa = XCBuildConfiguration;
			buildSettings = {
				ASSETCATALOG_COMPILER_APPICON_NAME = AppIcon;
				CODE_SIGN_STYLE = Automatic;
				CURRENT_PROJECT_VERSION = 3;
				DEVELOPMENT_TEAM = 55V3ELH4AV;
				INFOPLIST_FILE = Week5/Info.plist;
				LD_RUNPATH_SEARCH_PATHS = (
					"$(inherited)",
					"@executable_path/Frameworks",
				);
				PRODUCT_BUNDLE_IDENTIFIER = com.JasonWang.Week5;
				PRODUCT_NAME = "$(TARGET_NAME)";
				SWIFT_VERSION = 4.2;
				TARGETED_DEVICE_FAMILY = "1,2";
				VERSIONING_SYSTEM = "apple-generic";
			};
			name = Release;
		};
		D4B3AF292166C90E00D839C7 /* Debug */ = {
			isa = XCBuildConfiguration;
			buildSettings = {
				ALWAYS_EMBED_SWIFT_STANDARD_LIBRARIES = YES;
				BUNDLE_LOADER = "$(TEST_HOST)";
				CODE_SIGN_STYLE = Automatic;
				DEVELOPMENT_TEAM = 55V3ELH4AV;
				INFOPLIST_FILE = Week5Tests/Info.plist;
				LD_RUNPATH_SEARCH_PATHS = (
					"$(inherited)",
					"@executable_path/Frameworks",
					"@loader_path/Frameworks",
				);
				PRODUCT_BUNDLE_IDENTIFIER = com.JasonWang.Week5Tests;
				PRODUCT_NAME = "$(TARGET_NAME)";
				SWIFT_VERSION = 4.2;
				TARGETED_DEVICE_FAMILY = "1,2";
				TEST_HOST = "$(BUILT_PRODUCTS_DIR)/Week5.app/Week5";
			};
			name = Debug;
		};
		D4B3AF2A2166C90E00D839C7 /* Release */ = {
			isa = XCBuildConfiguration;
			buildSettings = {
				ALWAYS_EMBED_SWIFT_STANDARD_LIBRARIES = YES;
				BUNDLE_LOADER = "$(TEST_HOST)";
				CODE_SIGN_STYLE = Automatic;
				DEVELOPMENT_TEAM = 55V3ELH4AV;
				INFOPLIST_FILE = Week5Tests/Info.plist;
				LD_RUNPATH_SEARCH_PATHS = (
					"$(inherited)",
					"@executable_path/Frameworks",
					"@loader_path/Frameworks",
				);
				PRODUCT_BUNDLE_IDENTIFIER = com.JasonWang.Week5Tests;
				PRODUCT_NAME = "$(TARGET_NAME)";
				SWIFT_VERSION = 4.2;
				TARGETED_DEVICE_FAMILY = "1,2";
				TEST_HOST = "$(BUILT_PRODUCTS_DIR)/Week5.app/Week5";
			};
			name = Release;
		};
		D4B3AF2C2166C90E00D839C7 /* Debug */ = {
			isa = XCBuildConfiguration;
			buildSettings = {
				ALWAYS_EMBED_SWIFT_STANDARD_LIBRARIES = YES;
				CODE_SIGN_STYLE = Automatic;
				DEVELOPMENT_TEAM = 55V3ELH4AV;
				INFOPLIST_FILE = Week5UITests/Info.plist;
				LD_RUNPATH_SEARCH_PATHS = (
					"$(inherited)",
					"@executable_path/Frameworks",
					"@loader_path/Frameworks",
				);
				PRODUCT_BUNDLE_IDENTIFIER = com.JasonWang.Week5UITests;
				PRODUCT_NAME = "$(TARGET_NAME)";
				SWIFT_VERSION = 4.2;
				TARGETED_DEVICE_FAMILY = "1,2";
				TEST_TARGET_NAME = Week5;
			};
			name = Debug;
		};
		D4B3AF2D2166C90E00D839C7 /* Release */ = {
			isa = XCBuildConfiguration;
			buildSettings = {
				ALWAYS_EMBED_SWIFT_STANDARD_LIBRARIES = YES;
				CODE_SIGN_STYLE = Automatic;
				DEVELOPMENT_TEAM = 55V3ELH4AV;
				INFOPLIST_FILE = Week5UITests/Info.plist;
				LD_RUNPATH_SEARCH_PATHS = (
					"$(inherited)",
					"@executable_path/Frameworks",
					"@loader_path/Frameworks",
				);
				PRODUCT_BUNDLE_IDENTIFIER = com.JasonWang.Week5UITests;
				PRODUCT_NAME = "$(TARGET_NAME)";
				SWIFT_VERSION = 4.2;
				TARGETED_DEVICE_FAMILY = "1,2";
				TEST_TARGET_NAME = Week5;
			};
			name = Release;
		};
/* End XCBuildConfiguration section */

/* Begin XCConfigurationList section */
		D4B3AEF82166C90D00D839C7 /* Build configuration list for PBXProject "Week5" */ = {
			isa = XCConfigurationList;
			buildConfigurations = (
				D4B3AF232166C90E00D839C7 /* Debug */,
				D4B3AF242166C90E00D839C7 /* Release */,
			);
			defaultConfigurationIsVisible = 0;
			defaultConfigurationName = Release;
		};
		D4B3AF252166C90E00D839C7 /* Build configuration list for PBXNativeTarget "Week5" */ = {
			isa = XCConfigurationList;
			buildConfigurations = (
				D4B3AF262166C90E00D839C7 /* Debug */,
				D4B3AF272166C90E00D839C7 /* Release */,
			);
			defaultConfigurationIsVisible = 0;
			defaultConfigurationName = Release;
		};
		D4B3AF282166C90E00D839C7 /* Build configuration list for PBXNativeTarget "Week5Tests" */ = {
			isa = XCConfigurationList;
			buildConfigurations = (
				D4B3AF292166C90E00D839C7 /* Debug */,
				D4B3AF2A2166C90E00D839C7 /* Release */,
			);
			defaultConfigurationIsVisible = 0;
			defaultConfigurationName = Release;
		};
		D4B3AF2B2166C90E00D839C7 /* Build configuration list for PBXNativeTarget "Week5UITests" */ = {
			isa = XCConfigurationList;
			buildConfigurations = (
				D4B3AF2C2166C90E00D839C7 /* Debug */,
				D4B3AF2D2166C90E00D839C7 /* Release */,
			);
			defaultConfigurationIsVisible = 0;
			defaultConfigurationName = Release;
		};
/* End XCConfigurationList section */
	};
	rootObject = D4B3AEF52166C90D00D839C7 /* Project object */;
}
